
Microsoft Visual Studio Solution File, Format Version 12.00
# Visual Studio Express 14 for Web
VisualStudioVersion = 14.0.25420.1
MinimumVisualStudioVersion = 10.0.40219.1
Project("{2150E333-8FDC-42A3-9474-1A3956D46DE8}") = "src", "src", "{98A5D936-BC35-44A0-B0EE-BFEE4330CD81}"
EndProject
Project("{2150E333-8FDC-42A3-9474-1A3956D46DE8}") = "Solution Items", "Solution Items", "{FB39AEA6-8340-4535-950B-8D3F1E810AA1}"
	ProjectSection(SolutionItems) = preProject
		global.json = global.json
	EndProjectSection
EndProject
Project("{8BB2217D-0F2D-49D1-97BC-3654ED321F3B}") = "SwaMiddlewareDemo", "src\SwaMiddlewareDemo\SwaMiddlewareDemo.xproj", "{8070C6E8-0927-45EA-ACA1-D5118C8FB60C}"
EndProject
Project("{8BB2217D-0F2D-49D1-97BC-3654ED321F3B}") = "huypq.SwaMiddleware", "src\huypq.SwaMiddleware\huypq.SwaMiddleware.xproj", "{B39880D8-EF91-4069-AFC3-452F2C8603DF}"
EndProject
Global
	GlobalSection(SolutionConfigurationPlatforms) = preSolution
		Debug|Any CPU = Debug|Any CPU
		Release|Any CPU = Release|Any CPU
	EndGlobalSection
	GlobalSection(ProjectConfigurationPlatforms) = postSolution
		{8070C6E8-0927-45EA-ACA1-D5118C8FB60C}.Debug|Any CPU.ActiveCfg = Debug|Any CPU
		{8070C6E8-0927-45EA-ACA1-D5118C8FB60C}.Debug|Any CPU.Build.0 = Debug|Any CPU
		{8070C6E8-0927-45EA-ACA1-D5118C8FB60C}.Release|Any CPU.ActiveCfg = Release|Any CPU
		{8070C6E8-0927-45EA-ACA1-D5118C8FB60C}.Release|Any CPU.Build.0 = Release|Any CPU
		{B39880D8-EF91-4069-AFC3-452F2C8603DF}.Debug|Any CPU.ActiveCfg = Debug|Any CPU
		{B39880D8-EF91-4069-AFC3-452F2C8603DF}.Debug|Any CPU.Build.0 = Debug|Any CPU
		{B39880D8-EF91-4069-AFC3-452F2C8603DF}.Release|Any CPU.ActiveCfg = Release|Any CPU
		{B39880D8-EF91-4069-AFC3-452F2C8603DF}.Release|Any CPU.Build.0 = Release|Any CPU
	EndGlobalSection
	GlobalSection(SolutionProperties) = preSolution
		HideSolutionNode = FALSE
	EndGlobalSection
	GlobalSection(NestedProjects) = preSolution
		{8070C6E8-0927-45EA-ACA1-D5118C8FB60C} = {98A5D936-BC35-44A0-B0EE-BFEE4330CD81}
		{B39880D8-EF91-4069-AFC3-452F2C8603DF} = {98A5D936-BC35-44A0-B0EE-BFEE4330CD81}
	EndGlobalSection
EndGlobal
